
Microsoft Visual Studio Solution File, Format Version 12.00
# Visual Studio Version 17
VisualStudioVersion = 17.6.33717.318
MinimumVisualStudioVersion = 10.0.40219.1
Project("{FAE04EC0-301F-11D3-BF4B-00C04F79EFBC}") = "Tetris", "Tetris\Tetris.csproj", "{07A57B60-0E23-4B57-8C50-6D74992E8F5A}"
EndProject
Global
	GlobalSection(SolutionConfigurationPlatforms) = preSolution
		Debug|Any CPU = Debug|Any CPU
		Release|Any CPU = Release|Any CPU
	EndGlobalSection
	GlobalSection(ProjectConfigurationPlatforms) = postSolution
		{07A57B60-0E23-4B57-8C50-6D74992E8F5A}.Debug|Any CPU.ActiveCfg = Debug|Any CPU
		{07A57B60-0E23-4B57-8C50-6D74992E8F5A}.Debug|Any CPU.Build.0 = Debug|Any CPU
		{07A57B60-0E23-4B57-8C50-6D74992E8F5A}.Release|Any CPU.ActiveCfg = Release|Any CPU
		{07A57B60-0E23-4B57-8C50-6D74992E8F5A}.Release|Any CPU.Build.0 = Release|Any CPU
	EndGlobalSection
	GlobalSection(SolutionProperties) = preSolution
		HideSolutionNode = FALSE
	EndGlobalSection
	GlobalSection(ExtensibilityGlobals) = postSolution
		SolutionGuid = {BE9D56B3-D757-4E85-B6AD-835DE75EF9AC}
	EndGlobalSection
EndGlobal
